{
  "name": "portfolio",
  "version": "1.0.0",
  "lockfileVersion": 1,
  "requires": true,
  "dependencies": {
    "mithril": {
      "version": "1.1.5",
      "resolved": "https://registry.npmjs.org/mithril/-/mithril-1.1.5.tgz",
      "integrity": "sha512-oicjiWJmdz/pcmQmImDuqe+Ff1hEJSoj4T7yL0E+12DwYIr/LOtBQjJmm8xzRDqRTanWPbIjFb+3JYl8w2Hrqw=="
    }
  }
}
